cloud.google.com/go v0.123.0 h1:2NAUJwPR47q+E35uaJeYoNhuNEM9kM8SjgRgdeOJUSE=
cloud.google.com/go v0.123.0/go.mod h1:xBoMV08QcqUGuPW65Qfm1o9Y4zKZBpGS+7bImXLTAZU=
cloud.google.com/go/auth v0.20.0 h1:kXTssoVb4azsVDoUiF8KvxAqrsQcQtB53DcSgta74CA=
cloud.google.com/go/auth v0.20.0/go.mod h1:942/yi/itH1SsmpyrbnTMDgGfdy2BUqIKyd0cyYLc5Q=
cloud.google.com/go/compute/metadata v0.9.0 h1:pDUj4QMoPejqq20dK0Pg2N4yG9zIkYGdBtwLoEkH9Zs=
cloud.google.com/go/compute/metadata v0.9.0/go.mod h1:E0bWwX5wTnLPedCKqk3pJmVgCBSM6qQI1yTBdEb3C10=
emperror.dev/emperror v0.33.0 h1:urYop6KLYxKVpZbt9ADC4eVG3WDnJFE6Ye3j07wUu/I=
emperror.dev/emperror v0.33.0/go.mod h1:CeOIKPcppTE8wn+3xBNcdzdHMMIP77sLOHS0Ik56m+w=
emperror.dev/errors v0.8.0/go.mod h1:YcRvLPh626Ubn2xqtoprejnA5nFha+TJ+2vew48kWuE=
emperror.dev/errors v0.8.1 h1:UavXZ5cSX/4u9iyvH6aDcuGkVjeexUGJ7Ij7G4VfQT0=
emperror.dev/errors v0.8.1/go.mod h1:YcRvLPh626Ubn2xqtoprejnA5nFha+TJ+2vew48kWuE=
filippo.io/edwards25519 v1.2.0 h1:crnVqOiS4jqYleHd9vaKZ+HKtHfllngJIiOpNpoJsjo=
filippo.io/edwards25519 v1.2.0/go.mod h1:xzAOLCNug/yB62zG1bQ8uziwrIqIuxhctzJT18Q77mc=
github.com/BurntSushi/toml v1.6.0 h1:dRaEfpa2VI55EwlIW72hMRHdWouJeRF7TPYhI+AUQjk=
github.com/BurntSushi/toml v1.6.0/go.mod h1:ukJfTF/6rtPPRCnwkur4qwRxa8vTRFBF0uk2lLoLwho=
github.com/antchfx/xpath v1.3.0 h1:nTMlzGAK3IJ0bPpME2urTuFL76o4A96iYvoKFHRXJgc=
github.com/antchfx/xpath v1.3.0/go.mod h1:i54GszH55fYfBmoZXapTHN8T8tkcHfRgLyVwwqzXNcs=
github.com/bahlo/generic-list-go v0.2.0 h1:5sz/EEAK+ls5wF+NeqDpk5+iNdMDXrh3z3nPnH1Wvgk=
github.com/bahlo/generic-list-go v0.2.0/go.mod h1:2KvAjgMlE5NNynlg/5iLrrCCZ2+5xWbdbCW3pNTGyYg=
github.com/buger/jsonparser v1.1.2 h1:frqHqw7otoVbk5M8LlE/L7HTnIq2v9RX6EJ48i9AxJk=
github.com/buger/jsonparser v1.1.2/go.mod h1:6RYKKt7H4d4+iWqouImQ9R2FZql3VbhNgx27UK13J/0=
github.com/cespare/xxhash/v2 v2.3.0 h1:UL815xU9SqsFlibzuggzjXhog7bL6oX9BbNZnL2UFvs=
github.com/cespare/xxhash/v2 v2.3.0/go.mod h1:VGX0DQ3Q6kWi7AoAeZDth3/j3BFtOZR5XLFGgcrjCOs=
github.com/clipperhouse/uax29/v2 v2.7.0 h1:+gs4oBZ2gPfVrKPthwbMzWZDaAFPGYK72F0NJv2v7Vk=
github.com/clipperhouse/uax29/v2 v2.7.0/go.mod h1:EFJ2TJMRUaplDxHKj1qAEhCtQPW2tJSwu5BF98AuoVM=
github.com/cpuguy83/go-md2man/v2 v2.0.6/go.mod h1:oOW0eioCTA6cOiMLiUPZOpcVxMig6NIQQ7OS05n1F4g=
github.com/creack/pty v1.1.9/go.mod h1:oKZEueFk5CKHvIhNR5MUki03XCEU+Q6VDXinZuGJ33E=
github.com/davecgh/go-spew v1.1.0/go.mod h1:J7Y8YcW2NihsgmVo/mv3lAwl/skON4iLHjSsI+c5H38=
github.com/davecgh/go-spew v1.1.1/go.mod h1:J7Y8YcW2NihsgmVo/mv3lAwl/skON4iLHjSsI+c5H38=
github.com/davecgh/go-spew v1.1.2-0.20180830191138-d8f796af33cc h1:U9qPSI2PIWSS1VwoXQT9A3Wy9MM3WgvqSxFWenqJduM=
github.com/davecgh/go-spew v1.1.2-0.20180830191138-d8f796af33cc/go.mod h1:J7Y8YcW2NihsgmVo/mv3lAwl/skON4iLHjSsI+c5H38=
github.com/dgraph-io/badger/v4 v4.9.1 h1:DocZXZkg5JJHJPtUErA0ibyHxOVUDVoXLSCV6t8NC8w=
github.com/dgraph-io/badger/v4 v4.9.1/go.mod h1:5/MEx97uzdPUHR4KtkNt8asfI2T4JiEiQlV7kWUo8c0=
github.com/dgraph-io/ristretto/v2 v2.4.0 h1:I/w09yLjhdcVD2QV192UJcq8dPBaAJb9pOuMyNy0XlU=
github.com/dgraph-io/ristretto/v2 v2.4.0/go.mod h1:0KsrXtXvnv0EqnzyowllbVJB8yBonswa2lTCK2gGo9E=
github.com/dgryski/go-farm v0.0.0-20240924180020-3414d57e47da h1:aIftn67I1fkbMa512G+w+Pxci9hJPB8oMnkcP3iZF38=
github.com/dgryski/go-farm v0.0.0-20240924180020-3414d57e47da/go.mod h1:SqUrOPUnsFjfmXRMNPybcSiG0BgUW2AuFH8PAnS2iTw=
github.com/dustin/go-humanize v1.0.1 h1:GzkhY7T5VNhEkwH0PVJgjz+fX1rhBrR7pRT3mDkpeCY=
github.com/dustin/go-humanize v1.0.1/go.mod h1:Mu1zIs6XwVuF/gI1OepvI0qD18qycQx+mFykh5fBlto=
github.com/felixge/fgprof v0.9.5 h1:8+vR6yu2vvSKn08urWyEuxx75NWPEvybbkBirEpsbVY=
github.com/felixge/fgprof v0.9.5/go.mod h1:yKl+ERSa++RYOs32d8K6WEXCB4uXdLls4ZaZPpayhMM=
github.com/felixge/httpsnoop v1.0.4 h1:NFTV2Zj1bL4mc9sqWACXbQFVBBg2W3GPvqp8/ESS2Wg=
github.com/felixge/httpsnoop v1.0.4/go.mod h1:m8KPJKqk1gH5J9DgRY2ASl2lWCfGKXixSwevea8zH2U=
github.com/firebase/genkit/go v1.6.1 h1:8LpUjZ1Yd9JRRUfZU/m05aYWAKxGEkxHUkbhn+fuWdA=
github.com/firebase/genkit/go v1.6.1/go.mod h1:FC5neH/nZJOqCQvMYodIy36cNZ1PWYJa2zkgkagfytg=
github.com/frankban/quicktest v1.14.6 h1:7Xjx+VpznH+oBnejlPUj8oUpdxnVs4f8XU8WnHkI4W8=
github.com/frankban/quicktest v1.14.6/go.mod h1:4ptaffx2x8+WTWXmUCuVU6aPUX1/Mz7zb5vbUoiM6w0=
github.com/go-logr/logr v1.2.2/go.mod h1:jdQByPbusPIv2/zmleS9BjJVeZ6kBagPoEUsqbVz/1A=
github.com/go-logr/logr v1.4.3 h1:CjnDlHq8ikf6E492q6eKboGOC0T8CDaOvkHCIg8idEI=
github.com/go-logr/logr v1.4.3/go.mod h1:9T104GzyrTigFIr8wt5mBrctHMim0Nb2HLGrmQ40KvY=
github.com/go-logr/stdr v1.2.2 h1:hSWxHoqTgW2S2qGc0LTAI563KZ5YKYRhT3MFKZMbjag=
github.com/go-logr/stdr v1.2.2/go.mod h1:mMo/vtBO5dYbehREoey6XUKy/eSumjCCveDpRre4VKE=
github.com/goccy/go-yaml v1.19.2 h1:PmFC1S6h8ljIz6gMRBopkjP1TVT7xuwrButHID66PoM=
github.com/goccy/go-yaml v1.19.2/go.mod h1:XBurs7gK8ATbW4ZPGKgcbrY1Br56PdM69F7LkFRi1kA=
github.com/golang/protobuf v1.5.4 h1:i7eJL8qZTpSEXOPTxNKhASYpMn+8e5Q6AdndVa1dWek=
github.com/golang/protobuf v1.5.4/go.mod h1:lnTiLA8Wa4RWRcIUkrtSVa5nRhsEGBg48fD6rSs7xps=
github.com/golang/snappy v1.0.0 h1:Oy607GVXHs7RtbggtPBnr2RmDArIsAefDwvrdWvRhGs=
github.com/golang/snappy v1.0.0/go.mod h1:/XxbfmMg8lxefKM7IXC3fBNl/7bRcc72aCRzEWrmP2Q=
github.com/google/btree v1.0.0/go.mod h1:lNA+9X1NB3Zf8V7Ke586lFgjr2dZNuvo3lPJSGZ5JPQ=
github.com/google/btree v1.1.3 h1:CVpQJjYgC4VbzxeGVHfvZrv1ctoYCAI8vbl07Fcxlyg=
github.com/google/btree v1.1.3/go.mod h1:qOPhT0dTNdNzV6Z/lhRX0YXUafgPLFUh+gZMl761Gm4=
github.com/google/certificate-transparency-go v1.3.3 h1:hq/rSxztSkXN2tx/3jQqF6Xc0O565UQPdHrOWvZwybo=
github.com/google/certificate-transparency-go v1.3.3/go.mod h1:iR17ZgSaXRzSa5qvjFl8TnVD5h8ky2JMVio+dzoKMgA=
github.com/google/dotprompt/go v0.0.0-20260227225921-0911cf9ecf0e h1:pGKaGaqARcyjXNhQ6ZZ89FldngwgpYifR+13CSkH5pY=
github.com/google/dotprompt/go v0.0.0-20260227225921-0911cf9ecf0e/go.mod h1:mjF7S9XoK7vfdpnZa49V2nQEN0UJxnejJzveZ1hnYGA=
github.com/google/flatbuffers v25.12.19+incompatible h1:haMV2JRRJCe1998HeW/p0X9UaMTK6SDo0ffLn2+DbLs=
github.com/google/flatbuffers v25.12.19+incompatible/go.mod h1:1AeVuKshWv4vARoZatz6mlQ0JxURH0Kv5+zNeJKJCa8=
github.com/google/go-cmp v0.5.9/go.mod h1:17dUlkBOakJ0+DkrSSNjCkIjxS6bF9zb3elmeNGIjoY=
github.com/google/go-cmp v0.7.0 h1:wk8382ETsv4JYUZwIsn6YpYiWiBsYLSJiTsyBybVuN8=
github.com/google/go-cmp v0.7.0/go.mod h1:pXiqmnSA92OHEEa9HXL2W4E7lf9JzCmGVUdgjX3N/iU=
github.com/google/pprof v0.0.0-20240227163752-401108e1b7e7 h1:y3N7Bm7Y9/CtpiVkw/ZWj6lSlDF3F74SfKwfTCer72Q=
github.com/google/pprof v0.0.0-20240227163752-401108e1b7e7/go.mod h1:czg5+yv1E0ZGTi6S6vVK1mke0fV+FaUhNGcd6VRS9Ik=
github.com/google/s2a-go v0.1.9 h1:LGD7gtMgezd8a/Xak7mEWL0PjoTQFvpRudN895yqKW0=
github.com/google/s2a-go v0.1.9/go.mod h1:YA0Ei2ZQL3acow2O62kdp9UlnvMmU7kA6Eutn0dXayM=
github.com/google/uuid v1.6.0 h1:NIvaJDMOsjHA8n1jAhLSgzrAzy1Hgr+hNrb57e+94F0=
github.com/google/uuid v1.6.0/go.mod h1:TIyPZe4MgqvfeYDBFedMoGGpEw/LqOeaOT+nhxU+yHo=
github.com/googleapis/enterprise-certificate-proxy v0.3.14 h1:yh8ncqsbUY4shRD5dA6RlzjJaT4hi3kII+zYw8wmLb8=
github.com/googleapis/enterprise-certificate-proxy v0.3.14/go.mod h1:vqVt9yG9480NtzREnTlmGSBmFrA+bzb0yl0TxoBQXOg=
github.com/googleapis/gax-go/v2 v2.21.0 h1:h45NjjzEO3faG9Lg/cFrBh2PgegVVgzqKzuZl/wMbiI=
github.com/googleapis/gax-go/v2 v2.21.0/go.mod h1:But/NJU6TnZsrLai/xBAQLLz+Hc7fHZJt/hsCz3Fih4=
github.com/gorilla/websocket v1.5.3 h1:saDtZ6Pbx/0u+bgYQ3q96pZgCzfhKXGPqt7kZ72aNNg=
github.com/gorilla/websocket v1.5.3/go.mod h1:YR8l580nyteQvAITg2hZ9XVh4b55+EU/adAjf1fMHhE=
github.com/inconshreveable/mousetrap v1.1.0 h1:wN+x4NVGpMsO7ErUn/mUI3vEoE6Jt13X2s0bqwp9tc8=
github.com/inconshreveable/mousetrap v1.1.0/go.mod h1:vpF70FUmC8bwa3OWnCshd2FqLfsEA9PFc4w1p2J65bw=
github.com/invopop/jsonschema v0.13.0 h1:KvpoAJWEjR3uD9Kbm2HWJmqsEaHt8lBUpd0qHcIi21E=
github.com/invopop/jsonschema v0.13.0/go.mod h1:ffZ5Km5SWWRAIN6wbDXItl95euhFz2uON45H2qjYt+0=
github.com/je4/goffmpeg v0.0.0-20220114092308-33ab9986404d h1:elX95ncLvCbNgkfD03bfTUhm0cdqdVYuuo5ETIOftoA=
github.com/je4/goffmpeg v0.0.0-20220114092308-33ab9986404d/go.mod h1:AU6NEns8+WYmI/UYzllN8CWM2jsIVO7jDz2FeCf7Ssw=
github.com/je4/trustutil/v2 v2.0.31 h1:QUMfnE8LoyNlBLvhaMdSZFiq/UlOoHyPjJd+C6qT5PY=
github.com/je4/trustutil/v2 v2.0.31/go.mod h1:76JX2f0YrNvxiI9kVufLdlc4qTVGXpk64BiThBxzWGs=
github.com/je4/utils/v2 v2.0.64 h1:T+GSKRwPP8r13A47einp9w+jlTx7j7J0uB1TAhkmmyc=
github.com/je4/utils/v2 v2.0.64/go.mod h1:Pfugh7LsGvAMqmYAgBKF7mJxt8Hr5YHOLBS7TQv1N0w=
github.com/jedib0t/go-pretty/v6 v6.7.9 h1:frarzQWmkZd97syT81+TH8INKPpzoxQnk+Mk5EIHSrM=
github.com/jedib0t/go-pretty/v6 v6.7.9/go.mod h1:YwC5CE4fJ1HFUDeivSV1r//AmANFHyqczZk+U6BDALU=
github.com/klauspost/compress v1.18.5 h1:/h1gH5Ce+VWNLSWqPzOVn6XBO+vJbCNGvjoaGBFW2IE=
github.com/klauspost/compress v1.18.5/go.mod h1:cwPg85FWrGar70rWktvGQj8/hthj3wpl0PGDogxkrSQ=
github.com/kr/fs v0.1.0 h1:Jskdu9ieNAYnjxsi0LbQp1ulIKZV1LAFgK1tWhpZgl8=
github.com/kr/fs v0.1.0/go.mod h1:FFnZGqtBN9Gxj7eW1uZ42v5BccTP0vu6NEaFoC2HwRg=
github.com/kr/pretty v0.3.1 h1:flRD4NNwYAUpkphVc1HcthR4KEIFJ65n8Mw5qdRn3LE=
github.com/kr/pretty v0.3.1/go.mod h1:hoEshYVHaxMs3cyo3Yncou5ZscifuDolrwPKZanG3xk=
github.com/kr/text v0.2.0 h1:5Nx0Ya0ZqY2ygV366QzturHI13Jq95ApcVaJBhpS+AY=
github.com/kr/text v0.2.0/go.mod h1:eLer722TekiGuMkidMxC/pM04lWEeraHUUmBw8l2grE=
github.com/mailru/easyjson v0.9.2 h1:dX8U45hQsZpxd80nLvDGihsQ/OxlvTkVUXH2r/8cb2M=
github.com/mailru/easyjson v0.9.2/go.mod h1:1+xMtQp2MRNVL/V1bOzuP3aP8VNwRW55fQUto+XFtTU=
github.com/mattn/go-colorable v0.1.14 h1:9A9LHSqF/7dyVVX6g0U9cwm9pG3kP9gSzcuIPHPsaIE=
github.com/mattn/go-colorable v0.1.14/go.mod h1:6LmQG8QLFO4G5z1gPvYEzlUgJ2wF+stgPZH1UqBm1s8=
github.com/mattn/go-isatty v0.0.21 h1:xYae+lCNBP7QuW4PUnNG61ffM4hVIfm+zUzDuSzYLGs=
github.com/mattn/go-isatty v0.0.21/go.mod h1:ZXfXG4SQHsB/w3ZeOYbR0PrPwLy+n6xiMrJlRFqopa4=
github.com/mattn/go-runewidth v0.0.23 h1:7ykA0T0jkPpzSvMS5i9uoNn2Xy3R383f9HDx3RybWcw=
github.com/mattn/go-runewidth v0.0.23/go.mod h1:XBkDxAl56ILZc9knddidhrOlY5R/pDhgLpndooCuJAs=
github.com/mbleigh/raymond v0.0.0-20250414171441-6b3a58ab9e0a h1:v2cBA3xWKv2cIOVhnzX/gNgkNXqiHfUgJtA3r61Hf7A=
github.com/mbleigh/raymond v0.0.0-20250414171441-6b3a58ab9e0a/go.mod h1:Y6ghKH+ZijXn5d9E7qGGZBmjitx7iitZdQiIW97EpTU=
github.com/ocfl-archive/error v1.0.5 h1:nPidx9HBSiViSDZHfVY8nIabBeOSO5vLFOcUMgt7yLo=
github.com/ocfl-archive/error v1.0.5/go.mod h1:vOwIAdG34QlD9ExXUXu8QSywUKIIMN31ykQ2U0LvOMs=
github.com/ocfl-archive/indexer/v3 v3.0.37 h1:7vD/LYWvu2aiu2iXxG7MRVi5xHbk9O1KHjXb1+8pgJY=
github.com/ocfl-archive/indexer/v3 v3.0.37/go.mod h1:oNJ7EtC5SkgvSo3m0foXuIbCXyWBhOSUonSuygjX0YU=
github.com/op/go-logging v0.0.0-20160315200505-970db520ece7 h1:lDH9UUVJtmYCjyT0CI4q8xvlXPxeZ0gYCVvWbmPlp88=
github.com/op/go-logging v0.0.0-20160315200505-970db520ece7/go.mod h1:HzydrMdWErDVzsI23lYNej1Htcns9BCg93Dk0bBINWk=
github.com/openai/openai-go v1.12.0 h1:NBQCnXzqOTv5wsgNC36PrFEiskGfO5wccfCWDo9S1U0=
github.com/openai/openai-go v1.12.0/go.mod h1:g461MYGXEXBVdV5SaR/5tNzNbSfwTBBefwc+LlDCK0Y=
github.com/peterbourgon/diskv/v3 v3.0.1 h1:x06SQA46+PKIUftmEujdwSEpIx8kR+M9eLYsUxeYveU=
github.com/peterbourgon/diskv/v3 v3.0.1/go.mod h1:kJ5Ny7vLdARGU3WUuy6uzO6T0nb/2gWcT1JiBvRmb5o=
github.com/pkg/diff v0.0.0-20210226163009-20ebb0f2a09e/go.mod h1:pJLUxLENpZxwdsKMEsNbx1VGcRFpLqf3715MtcvvzbA=
github.com/pkg/errors v0.9.1 h1:FEBLx1zS214owpjy7qsBeixbURkuhQAwrK5UwLGTwt4=
github.com/pkg/errors v0.9.1/go.mod h1:bwawxfHBFNV+L2hUp1rHADufV3IMtnDRdf1r5NINEl0=
github.com/pkg/profile v1.7.0 h1:hnbDkaNWPCLMO9wGLdBFTIZvzDrDfBM2072E1S9gJkA=
github.com/pkg/profile v1.7.0/go.mod h1:8Uer0jas47ZQMJ7VD+OHknK4YDY07LPUC6dEvqDjvNo=
github.com/pkg/sftp v1.13.10 h1:+5FbKNTe5Z9aspU88DPIKJ9z2KZoaGCu6Sr6kKR/5mU=
github.com/pkg/sftp v1.13.10/go.mod h1:bJ1a7uDhrX/4OII+agvy28lzRvQrmIQuaHrcI1HbeGA=
github.com/pmezard/go-difflib v1.0.0/go.mod h1:iKH77koFhYxTK1pcRnkKkqfTogsbg7gZNVY4sRDYZ/4=
github.com/pmezard/go-difflib v1.0.1-0.20181226105442-5d4384ee4fb2 h1:Jamvg5psRIccs7FGNTlIRMkT8wgtp5eCXdBlqhYGL6U=
github.com/pmezard/go-difflib v1.0.1-0.20181226105442-5d4384ee4fb2/go.mod h1:iKH77koFhYxTK1pcRnkKkqfTogsbg7gZNVY4sRDYZ/4=
github.com/richardlehane/characterize v1.0.0 h1:2MMnKFqYd+hsKpQrPkc5JjbcIzVBIfvSoaMd563GOj0=
github.com/richardlehane/characterize v1.0.0/go.mod h1:9mhxzxtWkXoLQpkg+gt7ioK6//+3hrsv3VHkbj8kbuQ=
github.com/richardlehane/match v1.0.5 h1:+tuXp28xaIPsvKbhHyuivce9qMEfE8nP9d0wSxJef9o=
github.com/richardlehane/match v1.0.5/go.mod h1:Vz0T28BYeZrU9h54iHnyjDfhVlKvn7XB7smnVripJME=
github.com/richardlehane/mscfb v1.0.6 h1:eN3bvvZCp00bs7Zf52bxNwAx5lJDBK1tCuH19qq5aC8=
github.com/richardlehane/mscfb v1.0.6/go.mod h1:pe0+IUIc0AHh0+teNzBlJCtSyZdFOGgV4ZK9bsoV+Jo=
github.com/richardlehane/msoleps v1.0.6 h1:9BvkpjvD+iUBalUY4esMwv6uBkfOip/Lzvd93jvR9gg=
github.com/richardlehane/msoleps v1.0.6/go.mod h1:BWev5JBpU9Ko2WAgmZEuiz4/u3ZYTKbjLycmwiWUfWg=
github.com/richardlehane/siegfried v1.11.4 h1:DRvSghOLo2RRJQ/YvyISRR2LL6cVBc+iT8Q+zwA8Y2g=
github.com/richardlehane/siegfried v1.11.4/go.mod h1:FElfDBoRfuvwY6YtqyzRQItJV6OeNdB8wWwu/jcfGXM=
github.com/richardlehane/xmldetect v1.0.2 h1:/3ooFuJwtgpMMe14/7m8a/JIvECMx6SpsPcDRiNyR8o=
github.com/richardlehane/xmldetect v1.0.2/go.mod h1:Zp1lhTLRJa2p2QKA4jOruVQYc0NFQDO0YUz3k/k6JcE=
github.com/rogpeppe/fastuuid v1.2.0 h1:Ppwyp6VYCF1nvBTXL3trRso7mXMlRrw9ooo375wvi2s=
github.com/rogpeppe/fastuuid v1.2.0/go.mod h1:jVj6XXZzXRy/MSR5jhDC/2q6DgLz+nrA6LYCDYWNEvQ=
github.com/rogpeppe/go-internal v1.9.0/go.mod h1:WtVeX8xhTBvf0smdhujwtBcq4Qrzq/fJaraNFVN+nFs=
github.com/rogpeppe/go-internal v1.14.1 h1:UQB4HGPB6osV0SQTLymcB4TgvyWu6ZyliaW0tI/otEQ=
github.com/rogpeppe/go-internal v1.14.1/go.mod h1:MaRKkUm5W0goXpeCfT7UZI6fk/L7L7so1lCWt35ZSgc=
github.com/ross-spencer/spargo v0.4.1 h1:+a570tI+az8j/s0+06mntNqwsJ7DXuq7PESUIXlKie8=
github.com/ross-spencer/spargo v0.4.1/go.mod h1:szEHC5cu+q6g0RD7otV7xvYGb+fQVYj1/SkiVTr4IC4=
github.com/ross-spencer/wikiprov v1.0.0 h1:tbDg/pFVPsaTXVXFp7lkeMjr5icFklFeRla2sh+Zl6E=
github.com/ross-spencer/wikiprov v1.0.0/go.mod h1:Fz4skf6LE/1iGHOE/mM23DcZBAVGlaC96NTqNoZWs44=
github.com/rs/zerolog v1.35.0 h1:VD0ykx7HMiMJytqINBsKcbLS+BJ4WYjz+05us+LRTdI=
github.com/rs/zerolog v1.35.0/go.mod h1:EjML9kdfa/RMA7h/6z6pYmq1ykOuA8/mjWaEvGI+jcw=
github.com/russross/blackfriday/v2 v2.1.0/go.mod h1:+Rmxgy9KzJVeS9/2gXHxylqXiyQDYRxCVz55jmeOWTM=
github.com/shabbyrobe/xmlwriter v0.0.0-20251128030032-2fcb52763289 h1:ZvRi1p3w5LSIDnZnvUHralUABvAjqSHdnhLfwrljjZA=
github.com/shabbyrobe/xmlwriter v0.0.0-20251128030032-2fcb52763289/go.mod h1:tKYSeHyJGYz7eoZMlzrRDQSfdYPYt0UduMr8b97Mmaw=
github.com/smallstep/certinfo v1.16.0 h1:ZxDI9EDmCh4B/j9YtlTk/6ut+H/Gi0N3d0TwHv7F2YY=
github.com/smallstep/certinfo v1.16.0/go.mod h1:OPwtFVAOx29OjOYsVtj9cDliDFywkVYPt+ExDg43kPs=
github.com/spf13/cobra v1.10.2 h1:DMTTonx5m65Ic0GOoRY2c16WCbHxOOw6xxezuLaBpcU=
github.com/spf13/cobra v1.10.2/go.mod h1:7C1pvHqHw5A4vrJfjNwvOdzYu0Gml16OCs2GRiTUUS4=
github.com/spf13/pflag v1.0.9/go.mod h1:McXfInJRrz4CZXVZOBLb0bTZqETkiAhM9Iw0y3An2Bg=
github.com/spf13/pflag v1.0.10 h1:4EBh2KAYBwaONj6b2Ye1GiHfwjqyROoF4RwYO+vPwFk=
github.com/spf13/pflag v1.0.10/go.mod h1:McXfInJRrz4CZXVZOBLb0bTZqETkiAhM9Iw0y3An2Bg=
github.com/stretchr/objx v0.1.0/go.mod h1:HFkY916IF+rwdDfMAkV7OtwuqBVzrE8GR6GFx+wExME=
github.com/stretchr/testify v1.3.0/go.mod h1:M5WIy9Dh21IEIfnGCwXGc5bZfKNJtfHm1UVUgZn+9EI=
github.com/stretchr/testify v1.11.1 h1:7s2iGBzp5EwR7/aIZr8ao5+dra3wiQyKjjFuvgVKu7U=
github.com/stretchr/testify v1.11.1/go.mod h1:wZwfW3scLgRK+23gO65QZefKpKQRnfz6sD981Nm4B6U=
github.com/tamerh/xml-stream-parser v1.5.0 h1:aOb4PX/UgX+rsEXEzOMeP6kNI3yaz0NXvmZ4fS3Y8kQ=
github.com/tamerh/xml-stream-parser v1.5.0/go.mod h1:U2cbOazFpRFXP3OiVZUbQVOtZ2T1gBKdeHOlEajksgo=
github.com/tamerh/xpath v1.0.0 h1:NccMES/Ej8slPCFDff73Kf6V1xu9hdbuKf2RyDsxf5Q=
github.com/tamerh/xpath v1.0.0/go.mod h1:t0wnh72FQlOVEO20f2Dl3EoVxso9GnLREh1WTpvNmJQ=
github.com/tealeg/xlsx/v3 v3.3.13 h1:Zk1Stj11MGRnOYI1st6av/Z2lIXp/jFZomrSWSeJLmY=
github.com/tealeg/xlsx/v3 v3.3.13/go.mod h1:KV4FTFtvGy0TBlOivJLZu/YNZk6e0Qtk7eOSglWksuA=
github.com/telkomdev/go-stash v1.0.6 h1:kWvGHBPdhE+OZMqI50qBF3yTl8jirIvT/SSAH+7dXfM=
github.com/telkomdev/go-stash v1.0.6/go.mod h1:HpABvMdvmsTtLrqK59YV44lrdfXQtoKX5RPehHD/zQQ=
github.com/tidwall/gjson v1.14.2/go.mod h1:/wbyibRr2FHMks5tjHJ5F8dMZh3AcwJEMf5vlfC0lxk=
github.com/tidwall/gjson v1.18.0 h1:FIDeeyB800efLX89e5a8Y0BNH+LOngJyGrIWxG2FKQY=
github.com/tidwall/gjson v1.18.0/go.mod h1:/wbyibRr2FHMks5tjHJ5F8dMZh3AcwJEMf5vlfC0lxk=
github.com/tidwall/match v1.1.1/go.mod h1:eRSPERbgtNPcGhD8UCthc6PmLEQXEWd3PRB5JTxsfmM=
github.com/tidwall/match v1.2.0 h1:0pt8FlkOwjN2fPt4bIl4BoNxb98gGHN2ObFEDkrfZnM=
github.com/tidwall/match v1.2.0/go.mod h1:eRSPERbgtNPcGhD8UCthc6PmLEQXEWd3PRB5JTxsfmM=
github.com/tidwall/pretty v1.2.0/go.mod h1:ITEVvHYasfjBbM0u2Pg8T2nJnzm8xPwvNhhsoaGGjNU=
github.com/tidwall/pretty v1.2.1 h1:qjsOFOWWQl+N3RsoF5/ssm1pHmJJwhjlSbZ51I6wMl4=
github.com/tidwall/pretty v1.2.1/go.mod h1:ITEVvHYasfjBbM0u2Pg8T2nJnzm8xPwvNhhsoaGGjNU=
github.com/tidwall/sjson v1.2.5 h1:kLy8mja+1c9jlljvWTlSazM7cKDRfJuR/bOJhcY5NcY=
github.com/tidwall/sjson v1.2.5/go.mod h1:Fvgq9kS/6ociJEDnK0Fk1cpYF4FIW6ZF7LAe+6jwd28=
github.com/wk8/go-ordered-map/v2 v2.1.8 h1:5h/BUHu93oj4gIdvHHHGsScSTMijfx5PeYkE/fJgbpc=
github.com/wk8/go-ordered-map/v2 v2.1.8/go.mod h1:5nJHM5DyteebpVlHnWMV0rPz6Zp7+xBAnxjb1X5vnTw=
github.com/xeipuuv/gojsonpointer v0.0.0-20180127040702-4e3ac2762d5f/go.mod h1:N2zxlSyiKSe5eX1tZViRH5QA0qijqEDrYZiPEAiq3wU=
github.com/xeipuuv/gojsonpointer v0.0.0-20190905194746-02993c407bfb h1:zGWFAtiMcyryUHoUjUJX0/lt1H2+i2Ka2n+D3DImSNo=
github.com/xeipuuv/gojsonpointer v0.0.0-20190905194746-02993c407bfb/go.mod h1:N2zxlSyiKSe5eX1tZViRH5QA0qijqEDrYZiPEAiq3wU=
github.com/xeipuuv/gojsonreference v0.0.0-20180127040603-bd5ef7bd5415 h1:EzJWgHovont7NscjpAxXsDA8S8BMYve8Y5+7cuRE7R0=
github.com/xeipuuv/gojsonreference v0.0.0-20180127040603-bd5ef7bd5415/go.mod h1:GwrjFmJcFw6At/Gs6z4yjiIwzuJ1/+UwLxMQDVQXShQ=
github.com/xeipuuv/gojsonschema v1.2.0 h1:LhYJRs+L4fBtjZUfuSZIKGeVu0QRy8e5Xi7D17UxZ74=
github.com/xeipuuv/gojsonschema v1.2.0/go.mod h1:anYRn/JVcOK2ZgGU+IjEV4nwlhoK5sQluxsYJ78Id3Y=
github.com/yosida95/uritemplate/v3 v3.0.2 h1:Ed3Oyj9yrmi9087+NczuL5BwkIc4wvTb5zIM+UJPGz4=
github.com/yosida95/uritemplate/v3 v3.0.2/go.mod h1:ILOh0sOhIJR3+L/8afwt/kE++YT040gmv5BQTMR2HP4=
gitlab.switch.ch/ub-unibas/go-testhelpers v0.0.0-20231004070116-a92f04ad03a5 h1:+89nmZvA6q0f9KCb06cKxiLzH3I3OiYvakwbdcFe170=
gitlab.switch.ch/ub-unibas/go-testhelpers v0.0.0-20231004070116-a92f04ad03a5/go.mod h1:5CiTAKHNkvIYjvDJiXjGG662QdWsY6gLmnsdEKbwQKA=
gitlab.switch.ch/ub-unibas/go-ublogger/v2 v2.0.1 h1:B/XpfKBC3IwbecBIxX9G6ZZ8GgtsOdkPkV2LuAUIJL0=
gitlab.switch.ch/ub-unibas/go-ublogger/v2 v2.0.1/go.mod h1:A9W/cBMpdDDiuGCeNiTS9JRlCLRxApXEhi1q/j/mAws=
go.opentelemetry.io/auto/sdk v1.2.1 h1:jXsnJ4Lmnqd11kwkBV2LgLoFMZKizbCi5fNZ/ipaZ64=
go.opentelemetry.io/auto/sdk v1.2.1/go.mod h1:KRTj+aOaElaLi+wW1kO/DZRXwkF4C5xPbEe3ZiIhN7Y=
go.opentelemetry.io/contrib/instrumentation/net/http/otelhttp v0.68.0 h1:CqXxU8VOmDefoh0+ztfGaymYbhdB/tT3zs79QaZTNGY=
go.opentelemetry.io/contrib/instrumentation/net/http/otelhttp v0.68.0/go.mod h1:BuhAPThV8PBHBvg8ZzZ/Ok3idOdhWIodywz2xEcRbJo=
go.opentelemetry.io/otel v1.43.0 h1:mYIM03dnh5zfN7HautFE4ieIig9amkNANT+xcVxAj9I=
go.opentelemetry.io/otel v1.43.0/go.mod h1:JuG+u74mvjvcm8vj8pI5XiHy1zDeoCS2LB1spIq7Ay0=
go.opentelemetry.io/otel/metric v1.43.0 h1:d7638QeInOnuwOONPp4JAOGfbCEpYb+K6DVWvdxGzgM=
go.opentelemetry.io/otel/metric v1.43.0/go.mod h1:RDnPtIxvqlgO8GRW18W6Z/4P462ldprJtfxHxyKd2PY=
go.opentelemetry.io/otel/sdk v1.43.0 h1:pi5mE86i5rTeLXqoF/hhiBtUNcrAGHLKQdhg4h4V9Dg=
go.opentelemetry.io/otel/sdk v1.43.0/go.mod h1:P+IkVU3iWukmiit/Yf9AWvpyRDlUeBaRg6Y+C58QHzg=
go.opentelemetry.io/otel/sdk/metric v1.43.0 h1:S88dyqXjJkuBNLeMcVPRFXpRw2fuwdvfCGLEo89fDkw=
go.opentelemetry.io/otel/sdk/metric v1.43.0/go.mod h1:C/RJtwSEJ5hzTiUz5pXF1kILHStzb9zFlIEe85bhj6A=
go.opentelemetry.io/otel/trace v1.43.0 h1:BkNrHpup+4k4w+ZZ86CZoHHEkohws8AY+WTX09nk+3A=
go.opentelemetry.io/otel/trace v1.43.0/go.mod h1:/QJhyVBUUswCphDVxq+8mld+AvhXZLhe+8WVFxiFff0=
go.step.sm/crypto v0.77.2 h1:qFjjei+RHc5kP5R7NW9OUWT7SqWIuAOvOkXqg4fNWj8=
go.step.sm/crypto v0.77.2/go.mod h1:W0YJb9onM5l78qgkXIJ2Up6grnwW8EtpCKIza/NCg0o=
go.ub.unibas.ch/cloud/certloader/v2 v2.0.24 h1:S6ppBcXC0MqsLzlmIbzc6ImQShxSJkSS2hYEoo6jcKM=
go.ub.unibas.ch/cloud/certloader/v2 v2.0.24/go.mod h1:YWA1+MBhd//jlRbOjsfJrGHJyxd/UhcaAZslBxfuI6Y=
go.ub.unibas.ch/cloud/minivaultclient v1.0.0 h1:ee4cCr7IZ7Q7vQ0mnWDFSdozQZ1rIosswJ1qCMbUOng=
go.ub.unibas.ch/cloud/minivaultclient v1.0.0/go.mod h1:mm/NKH+gNgyQ323ZOkjjNrgd3htbniQe7o/4iPrIYtE=
go.uber.org/atomic v1.7.0/go.mod h1:fEN4uk6kAWBTFdckzkM89CLk9XfWZrxpCo0nPH17wJc=
go.uber.org/goleak v1.3.0 h1:2K3zAYmnTNqV73imy9J1T3WC+gmCePx2hEGkimedGto=
go.uber.org/goleak v1.3.0/go.mod h1:CoHD4mav9JJNrW/WLlf7HGZPjdw8EucARQHekz1X6bE=
go.uber.org/multierr v1.6.0/go.mod h1:cdWPpRnG4AhwMwsgIHip0KRBQjJy5kYEpYjJxpXp9iU=
go.uber.org/multierr v1.11.0 h1:blXXJkSxSSfBVBlC76pxqeO+LN3aDfLQo+309xJstO0=
go.uber.org/multierr v1.11.0/go.mod h1:20+QtiLqy0Nd6FdQB9TLXag12DsQkrbs3htMFfDN80Y=
go.yaml.in/yaml/v3 v3.0.4/go.mod h1:DhzuOOF2ATzADvBadXxruRBLzYTpT36CKvDb3+aBEFg=
golang.org/x/crypto v0.50.0 h1:zO47/JPrL6vsNkINmLoo/PH1gcxpls50DNogFvB5ZGI=
golang.org/x/crypto v0.50.0/go.mod h1:3muZ7vA7PBCE6xgPX7nkzzjiUq87kRItoJQM1Yo8S+Q=
golang.org/x/exp v0.0.0-20260410095643-746e56fc9e2f h1:W3F4c+6OLc6H2lb//N1q4WpJkhzJCK5J6kUi1NTVXfM=
golang.org/x/exp v0.0.0-20260410095643-746e56fc9e2f/go.mod h1:J1xhfL/vlindoeF/aINzNzt2Bket5bjo9sdOYzOsU80=
golang.org/x/image v0.39.0 h1:skVYidAEVKgn8lZ602XO75asgXBgLj9G/FE3RbuPFww=
golang.org/x/image v0.39.0/go.mod h1:sIbmppfU+xFLPIG0FoVUTvyBMmgng1/XAMhQ2ft0hpA=
golang.org/x/net v0.53.0 h1:d+qAbo5L0orcWAr0a9JweQpjXF19LMXJE8Ey7hwOdUA=
golang.org/x/net v0.53.0/go.mod h1:JvMuJH7rrdiCfbeHoo3fCQU24Lf5JJwT9W3sJFulfgs=
golang.org/x/sync v0.20.0 h1:e0PTpb7pjO8GAtTs2dQ6jYa5BWYlMuX047Dco/pItO4=
golang.org/x/sync v0.20.0/go.mod h1:9xrNwdLfx4jkKbNva9FpL6vEN7evnE43NNNJQ2LF3+0=
golang.org/x/sys v0.43.0 h1:Rlag2XtaFTxp19wS8MXlJwTvoh8ArU6ezoyFsMyCTNI=
golang.org/x/sys v0.43.0/go.mod h1:4GL1E5IUh+htKOUEOaiffhrAeqysfVGipDYzABqnCmw=
golang.org/x/term v0.42.0 h1:UiKe+zDFmJobeJ5ggPwOshJIVt6/Ft0rcfrXZDLWAWY=
golang.org/x/term v0.42.0/go.mod h1:Dq/D+snpsbazcBG5+F9Q1n2rXV8Ma+71xEjTRufARgY=
golang.org/x/text v0.3.0/go.mod h1:NqM8EUOU14njkJ3fqMW+pc6Ldnwhi/IjpwHt7yyuwOQ=
golang.org/x/text v0.3.2/go.mod h1:bEr9sfX3Q8Zfm5fL9x+3itogRgK3+ptLWKqgva+5dAk=
golang.org/x/text v0.36.0 h1:JfKh3XmcRPqZPKevfXVpI1wXPTqbkE5f7JA92a55Yxg=
golang.org/x/text v0.36.0/go.mod h1:NIdBknypM8iqVmPiuco0Dh6P5Jcdk8lJL0CUebqK164=
golang.org/x/tools v0.0.0-20180917221912-90fa682c2a6e/go.mod h1:n7NCudcB/nEzxVGmLbDWY5pfWTLqBcC2KZ6jyYvM4mQ=
gonum.org/v1/gonum v0.17.0 h1:VbpOemQlsSMrYmn7T2OUvQ4dqxQXU+ouZFQsZOx50z4=
gonum.org/v1/gonum v0.17.0/go.mod h1:El3tOrEuMpv2UdMrbNlKEh9vd86bmQ6vqIcDwxEOc1E=
google.golang.org/api v0.275.0 h1:vfY5d9vFVJeWEZT65QDd9hbndr7FyZ2+6mIzGAh71NI=
google.golang.org/api v0.275.0/go.mod h1:Fnag/EWUPIcJXuIkP1pjoTgS5vdxlk3eeemL7Do6bvw=
google.golang.org/genai v1.53.0 h1:8tR9MuO/TdaXSc8PEFamohQKxRz5M/qctbyzhV2YwMM=
google.golang.org/genai v1.53.0/go.mod h1:A3kkl0nyBjyFlNjgxIwKq70julKbIxpSxqKO5gw/gmk=
google.golang.org/genproto v0.0.0-20260319201613-d00831a3d3e7 h1:XzmzkmB14QhVhgnawEVsOn6OFsnpyxNPRY9QV01dNB0=
google.golang.org/genproto v0.0.0-20260319201613-d00831a3d3e7/go.mod h1:L43LFes82YgSonw6iTXTxXUX1OlULt4AQtkik4ULL/I=
google.golang.org/genproto/googleapis/api v0.0.0-20260319201613-d00831a3d3e7 h1:41r6JMbpzBMen0R/4TZeeAmGXSJC7DftGINUodzTkPI=
google.golang.org/genproto/googleapis/api v0.0.0-20260319201613-d00831a3d3e7/go.mod h1:EIQZ5bFCfRQDV4MhRle7+OgjNtZ6P1PiZBgAKuxXu/Y=
google.golang.org/genproto/googleapis/rpc v0.0.0-20260406210006-6f92a3bedf2d h1:wT2n40TBqFY6wiwazVK9/iTWbsQrgk5ZfCSVFLO9LQA=
google.golang.org/genproto/googleapis/rpc v0.0.0-20260406210006-6f92a3bedf2d/go.mod h1:4Hqkh8ycfw05ld/3BWL7rJOSfebL2Q+DVDeRgYgxUU8=
google.golang.org/grpc v1.80.0 h1:Xr6m2WmWZLETvUNvIUmeD5OAagMw3FiKmMlTdViWsHM=
google.golang.org/grpc v1.80.0/go.mod h1:ho/dLnxwi3EDJA4Zghp7k2Ec1+c2jqup0bFkw07bwF4=
google.golang.org/protobuf v1.36.11 h1:fV6ZwhNocDyBLK0dj+fg8ektcVegBBuEolpbTQyBNVE=
google.golang.org/protobuf v1.36.11/go.mod h1:HTf+CrKn2C3g5S8VImy6tdcUvCska2kB7j23XfzDpco=
gopkg.in/check.v1 v0.0.0-20161208181325-20d25e280405/go.mod h1:Co6ibVJAznAaIkqp8huTwlJQCZ016jof/cbN4VW5Yz0=
gopkg.in/check.v1 v1.0.0-20201130134442-10cb98267c6c h1:Hei/4ADfdWqJk1ZMxUNpqntNwaWcugrBjAiHlqqRiVk=
gopkg.in/check.v1 v1.0.0-20201130134442-10cb98267c6c/go.mod h1:JHkPIbrfpd72SG/EVd6muEfDQjcINNoR0C8j2r3qZ4Q=
gopkg.in/yaml.v3 v3.0.1 h1:fxVm/GzAzEWqLHuvctI91KS9hhNmmWOoWu0XTYJS7CA=
gopkg.in/yaml.v3 v3.0.1/go.mod h1:K4uyk7z7BCEPqu6E+C64Yfv1cQ7kz7rIZviUmN+EgEM=
